
Microsoft Visual Studio Solution File, Format Version 12.00
# Visual Studio 15
VisualStudioVersion = 15.0.28307.1585
MinimumVisualStudioVersion = 10.0.40219.1
Project("{FAE04EC0-301F-11D3-BF4B-00C04F79EFBC}") = "Cities.API", "Cities.API\Cities.API.csproj", "{48529942-60A3-4D57-9D29-61003E1F8D9C}"
EndProject
Global
	GlobalSection(SolutionConfigurationPlatforms) = preSolution
		Debug|Any CPU = Debug|Any CPU
		Release|Any CPU = Release|Any CPU
	EndGlobalSection
	GlobalSection(ProjectConfigurationPlatforms) = postSolution
		{48529942-60A3-4D57-9D29-61003E1F8D9C}.Debug|Any CPU.ActiveCfg = Debug|Any CPU
		{48529942-60A3-4D57-9D29-61003E1F8D9C}.Debug|Any CPU.Build.0 = Debug|Any CPU
		{48529942-60A3-4D57-9D29-61003E1F8D9C}.Release|Any CPU.ActiveCfg = Release|Any CPU
		{48529942-60A3-4D57-9D29-61003E1F8D9C}.Release|Any CPU.Build.0 = Release|Any CPU
	EndGlobalSection
	GlobalSection(SolutionProperties) = preSolution
		HideSolutionNode = FALSE
	EndGlobalSection
	GlobalSection(ExtensibilityGlobals) = postSolution
		SolutionGuid = {DE84FC1B-98C7-4229-9555-2DC5D834E8CC}
	EndGlobalSection
EndGlobal
